
Microsoft Visual Studio Solution File, Format Version 12.00
# Visual Studio Version 16
VisualStudioVersion = 16.0.31624.102
MinimumVisualStudioVersion = 10.0.40219.1
Project("{FAE04EC0-301F-11D3-BF4B-00C04F79EFBC}") = "LinqToDataTable_Demo", "LinqToDataTable_Demo\LinqToDataTable_Demo.csproj", "{5CF6197C-C27F-4866-8ED5-B84BC2913D68}"
EndProject
Project("{FAE04EC0-301F-11D3-BF4B-00C04F79EFBC}") = "ProductReviewManagementWith_Linq", "ProductReviewManagementWith_Linq\ProductReviewManagementWith_Linq.csproj", "{19116F38-563D-48FD-A663-AD9D0BCC2E76}"
EndProject
Global
	GlobalSection(SolutionConfigurationPlatforms) = preSolution
		Debug|Any CPU = Debug|Any CPU
		Release|Any CPU = Release|Any CPU
	EndGlobalSection
	GlobalSection(ProjectConfigurationPlatforms) = postSolution
		{5CF6197C-C27F-4866-8ED5-B84BC2913D68}.Debug|Any CPU.ActiveCfg = Debug|Any CPU
		{5CF6197C-C27F-4866-8ED5-B84BC2913D68}.Debug|Any CPU.Build.0 = Debug|Any CPU
		{5CF6197C-C27F-4866-8ED5-B84BC2913D68}.Release|Any CPU.ActiveCfg = Release|Any CPU
		{5CF6197C-C27F-4866-8ED5-B84BC2913D68}.Release|Any CPU.Build.0 = Release|Any CPU
		{19116F38-563D-48FD-A663-AD9D0BCC2E76}.Debug|Any CPU.ActiveCfg = Debug|Any CPU
		{19116F38-563D-48FD-A663-AD9D0BCC2E76}.Debug|Any CPU.Build.0 = Debug|Any CPU
		{19116F38-563D-48FD-A663-AD9D0BCC2E76}.Release|Any CPU.ActiveCfg = Release|Any CPU
		{19116F38-563D-48FD-A663-AD9D0BCC2E76}.Release|Any CPU.Build.0 = Release|Any CPU
	EndGlobalSection
	GlobalSection(SolutionProperties) = preSolution
		HideSolutionNode = FALSE
	EndGlobalSection
	GlobalSection(ExtensibilityGlobals) = postSolution
		SolutionGuid = {A67D670E-C173-4696-8EB9-8057D6F26B45}
	EndGlobalSection
EndGlobal
